
Microsoft Visual Studio Solution File, Format Version 12.00
# Visual Studio Version 17
VisualStudioVersion = 17.10.35027.167
MinimumVisualStudioVersion = 10.0.40219.1
Project("{FAE04EC0-301F-11D3-BF4B-00C04F79EFBC}") = "Proyecto_API_KevinRodriguezM", "Proyecto_API_KevinRodriguezM\Proyecto_API_KevinRodriguezM.csproj", "{BB7C57AA-622C-4DCE-A0B7-AD1336E091EC}"
EndProject
Global
	GlobalSection(SolutionConfigurationPlatforms) = preSolution
		Debug|Any CPU = Debug|Any CPU
		Release|Any CPU = Release|Any CPU
	EndGlobalSection
	GlobalSection(ProjectConfigurationPlatforms) = postSolution
		{BB7C57AA-622C-4DCE-A0B7-AD1336E091EC}.Debug|Any CPU.ActiveCfg = Debug|Any CPU
		{BB7C57AA-622C-4DCE-A0B7-AD1336E091EC}.Debug|Any CPU.Build.0 = Debug|Any CPU
		{BB7C57AA-622C-4DCE-A0B7-AD1336E091EC}.Release|Any CPU.ActiveCfg = Release|Any CPU
		{BB7C57AA-622C-4DCE-A0B7-AD1336E091EC}.Release|Any CPU.Build.0 = Release|Any CPU
	EndGlobalSection
	GlobalSection(SolutionProperties) = preSolution
		HideSolutionNode = FALSE
	EndGlobalSection
	GlobalSection(ExtensibilityGlobals) = postSolution
		SolutionGuid = {211C61B0-3A61-47B5-A114-2224B2D15FD5}
	EndGlobalSection
EndGlobal
